
Microsoft Visual Studio Solution File, Format Version 12.00
# Visual Studio Version 17
VisualStudioVersion = 17.9.34622.214
MinimumVisualStudioVersion = 10.0.40219.1
Project("{FAE04EC0-301F-11D3-BF4B-00C04F79EFBC}") = "proga2024_module1", "proga2024_module1\proga2024_module1.csproj", "{5B89E8C9-1041-4D32-B15D-959BBF6676E8}"
EndProject
Global
	GlobalSection(SolutionConfigurationPlatforms) = preSolution
		Debug|Any CPU = Debug|Any CPU
		Release|Any CPU = Release|Any CPU
	EndGlobalSection
	GlobalSection(ProjectConfigurationPlatforms) = postSolution
		{5B89E8C9-1041-4D32-B15D-959BBF6676E8}.Debug|Any CPU.ActiveCfg = Debug|Any CPU
		{5B89E8C9-1041-4D32-B15D-959BBF6676E8}.Debug|Any CPU.Build.0 = Debug|Any CPU
		{5B89E8C9-1041-4D32-B15D-959BBF6676E8}.Release|Any CPU.ActiveCfg = Release|Any CPU
		{5B89E8C9-1041-4D32-B15D-959BBF6676E8}.Release|Any CPU.Build.0 = Release|Any CPU
	EndGlobalSection
	GlobalSection(SolutionProperties) = preSolution
		HideSolutionNode = FALSE
	EndGlobalSection
	GlobalSection(ExtensibilityGlobals) = postSolution
		SolutionGuid = {74FA2100-9E17-486C-B869-AB6CFBA73AF8}
	EndGlobalSection
EndGlobal
